
Microsoft Visual Studio Solution File, Format Version 11.00
# Visual Studio 2010
Project("{8BC9CEB8-8B4A-11D0-8D11-00A0C91BC942}") = "CMUsend", "CMUsend.vcxproj", "{07A3BEE7-593E-42F8-95DC-53D7EDA00AD7}"
EndProject
Global
	GlobalSection(SolutionConfigurationPlatforms) = preSolution
		Debug|Win32 = Debug|Win32
		Release|Win32 = Release|Win32
	EndGlobalSection
	GlobalSection(ProjectConfigurationPlatforms) = postSolution
		{07A3BEE7-593E-42F8-95DC-53D7EDA00AD7}.Debug|Win32.ActiveCfg = Debug|Win32
		{07A3BEE7-593E-42F8-95DC-53D7EDA00AD7}.Debug|Win32.Build.0 = Debug|Win32
		{07A3BEE7-593E-42F8-95DC-53D7EDA00AD7}.Release|Win32.ActiveCfg = Release|Win32
		{07A3BEE7-593E-42F8-95DC-53D7EDA00AD7}.Release|Win32.Build.0 = Release|Win32
	EndGlobalSection
	GlobalSection(SolutionProperties) = preSolution
		HideSolutionNode = FALSE
	EndGlobalSection
EndGlobal
